
Microsoft Visual Studio Solution File, Format Version 12.00
# Visual Studio Version 16
VisualStudioVersion = 16.0.808.0
MinimumVisualStudioVersion = 10.0.40219.1
Project("{FAE04EC0-301F-11D3-BF4B-00C04F79EFBC}") = "LearningUsing", "LearningUsing\LearningUsing.csproj", "{1DFE60AC-C6CA-4FBC-BC0F-3F5E4BBB2373}"
EndProject
Global
	GlobalSection(SolutionConfigurationPlatforms) = preSolution
		Debug|Any CPU = Debug|Any CPU
		Release|Any CPU = Release|Any CPU
	EndGlobalSection
	GlobalSection(ProjectConfigurationPlatforms) = postSolution
		{1DFE60AC-C6CA-4FBC-BC0F-3F5E4BBB2373}.Debug|Any CPU.ActiveCfg = Debug|Any CPU
		{1DFE60AC-C6CA-4FBC-BC0F-3F5E4BBB2373}.Debug|Any CPU.Build.0 = Debug|Any CPU
		{1DFE60AC-C6CA-4FBC-BC0F-3F5E4BBB2373}.Release|Any CPU.ActiveCfg = Release|Any CPU
		{1DFE60AC-C6CA-4FBC-BC0F-3F5E4BBB2373}.Release|Any CPU.Build.0 = Release|Any CPU
	EndGlobalSection
	GlobalSection(SolutionProperties) = preSolution
		HideSolutionNode = FALSE
	EndGlobalSection
	GlobalSection(ExtensibilityGlobals) = postSolution
		SolutionGuid = {A2A3E5E6-9186-41B2-8AA5-F604D36CFB79}
	EndGlobalSection
EndGlobal
